
Microsoft Visual Studio Solution File, Format Version 12.00
# Visual Studio Version 17
VisualStudioVersion = 17.3.32922.545
MinimumVisualStudioVersion = 10.0.40219.1
Project("{FAE04EC0-301F-11D3-BF4B-00C04F79EFBC}") = "Seician_Aurel_Lab2", "Seician_Aurel_Lab2.csproj", "{306C89FE-CA6D-47D8-AAF7-42ED5973613D}"
EndProject
Global
	GlobalSection(SolutionConfigurationPlatforms) = preSolution
		Debug|Any CPU = Debug|Any CPU
		Release|Any CPU = Release|Any CPU
	EndGlobalSection
	GlobalSection(ProjectConfigurationPlatforms) = postSolution
		{306C89FE-CA6D-47D8-AAF7-42ED5973613D}.Debug|Any CPU.ActiveCfg = Debug|Any CPU
		{306C89FE-CA6D-47D8-AAF7-42ED5973613D}.Debug|Any CPU.Build.0 = Debug|Any CPU
		{306C89FE-CA6D-47D8-AAF7-42ED5973613D}.Release|Any CPU.ActiveCfg = Release|Any CPU
		{306C89FE-CA6D-47D8-AAF7-42ED5973613D}.Release|Any CPU.Build.0 = Release|Any CPU
	EndGlobalSection
	GlobalSection(SolutionProperties) = preSolution
		HideSolutionNode = FALSE
	EndGlobalSection
	GlobalSection(ExtensibilityGlobals) = postSolution
		SolutionGuid = {7489F040-A3EA-4385-8190-2CD8307F1CA6}
	EndGlobalSection
EndGlobal
